// !$*UTF8*$!
{
	archiveVersion = 1;
	classes = {
	};
	objectVersion = 50;
	objects = {

/* Begin PBXBuildFile section */
		0452146D213910A8005637CA /* FirstInfoViewController.m in Sources */ = {isa = PBXBuildFile; fileRef = 0452146C213910A8005637CA /* FirstInfoViewController.m */; };
		045214702139120E005637CA /* FirstObjct.m in Sources */ = {isa = PBXBuildFile; fileRef = 0452146F2139120E005637CA /* FirstObjct.m */; };
		04B59D43213B9D3D0034A32F /* LocalAuthentication.framework in Frameworks */ = {isa = PBXBuildFile; fileRef = 04B59D42213B9D3C0034A32F /* LocalAuthentication.framework */; };
		04B59D48213CD80B0034A32F /* jcore-ios-1.2.2.a in Frameworks */ = {isa = PBXBuildFile; fileRef = 04B59D45213CD80B0034A32F /* jcore-ios-1.2.2.a */; };
		04B59D49213CD80B0034A32F /* jpush-ios-3.1.0.a in Frameworks */ = {isa = PBXBuildFile; fileRef = 04B59D46213CD80B0034A32F /* jpush-ios-3.1.0.a */; };
		04B8050A2138CEBC003465E0 /* AppDelegate.m in Sources */ = {isa = PBXBuildFile; fileRef = 04B805092138CEBC003465E0 /* AppDelegate.m */; };
		04B8050D2138CEBC003465E0 /* ViewController.m in Sources */ = {isa = PBXBuildFile; fileRef = 04B8050C2138CEBC003465E0 /* ViewController.m */; };
		04B805102138CEBC003465E0 /* Main.storyboard in Resources */ = {isa = PBXBuildFile; fileRef = 04B8050E2138CEBC003465E0 /* Main.storyboard */; };
		04B805122138CEBE003465E0 /* Assets.xcassets in Resources */ = {isa = PBXBuildFile; fileRef = 04B805112138CEBE003465E0 /* Assets.xcassets */; };
		04B805182138CEBE003465E0 /* main.m in Sources */ = {isa = PBXBuildFile; fileRef = 04B805172138CEBE003465E0 /* main.m */; };
		04B805222138CEBE003465E0 /* _132helperTests.m in Sources */ = {isa = PBXBuildFile; fileRef = 04B805212138CEBE003465E0 /* _132helperTests.m */; };
		04B8052D2138CEBE003465E0 /* _132helperUITests.m in Sources */ = {isa = PBXBuildFile; fileRef = 04B8052C2138CEBE003465E0 /* _132helperUITests.m */; };
		04B8053C2138D437003465E0 /* FirstViewController.m in Sources */ = {isa = PBXBuildFile; fileRef = 04B8053B2138D437003465E0 /* FirstViewController.m */; };
		04B8053F2138D453003465E0 /* SecondViewController.m in Sources */ = {isa = PBXBuildFile; fileRef = 04B8053E2138D453003465E0 /* SecondViewController.m */; };
		04B805422138D47A003465E0 /* ThirdViewController.m in Sources */ = {isa = PBXBuildFile; fileRef = 04B805412138D47A003465E0 /* ThirdViewController.m */; };
		04B805452138D490003465E0 /* FourthViewController.m in Sources */ = {isa = PBXBuildFile; fileRef = 04B805442138D490003465E0 /* FourthViewController.m */; };
		04B8055C2138DD45003465E0 /* NSObject+TDAttribute.m in Sources */ = {isa = PBXBuildFile; fileRef = 04B805482138DD45003465E0 /* NSObject+TDAttribute.m */; };
		04B8055D2138DD45003465E0 /* TDOperator.m in Sources */ = {isa = PBXBuildFile; fileRef = 04B8054A2138DD45003465E0 /* TDOperator.m */; };
		04B8055E2138DD45003465E0 /* NSObject＋TDKeyValue.m in Sources */ = {isa = PBXBuildFile; fileRef = 04B8054B2138DD45003465E0 /* NSObject＋TDKeyValue.m */; };
		04B8055F2138DD45003465E0 /* TDPerformer.m in Sources */ = {isa = PBXBuildFile; fileRef = 04B8054F2138DD45003465E0 /* TDPerformer.m */; };
		04B805602138DD45003465E0 /* FMDatabaseQueue.m in Sources */ = {isa = PBXBuildFile; fileRef = 04B805532138DD45003465E0 /* FMDatabaseQueue.m */; };
		04B805612138DD45003465E0 /* FMDatabaseAdditions.m in Sources */ = {isa = PBXBuildFile; fileRef = 04B805562138DD45003465E0 /* FMDatabaseAdditions.m */; };
		04B805622138DD45003465E0 /* FMDatabase.m in Sources */ = {isa = PBXBuildFile; fileRef = 04B805572138DD45003465E0 /* FMDatabase.m */; };
		04B805632138DD45003465E0 /* FMDatabasePool.m in Sources */ = {isa = PBXBuildFile; fileRef = 04B8055A2138DD45003465E0 /* FMDatabasePool.m */; };
		04B805642138DD45003465E0 /* FMResultSet.m in Sources */ = {isa = PBXBuildFile; fileRef = 04B8055B2138DD45003465E0 /* FMResultSet.m */; };
		04B805902138E057003465E0 /* main.jsbundle in Resources */ = {isa = PBXBuildFile; fileRef = 04B805672138E055003465E0 /* main.jsbundle */; };
		04B805912138E057003465E0 /* libAbcMMSDK-5.6.a in Frameworks */ = {isa = PBXBuildFile; fileRef = 04B805692138E056003465E0 /* libAbcMMSDK-5.6.a */; };
		04B805922138E057003465E0 /* IQTextView.m in Sources */ = {isa = PBXBuildFile; fileRef = 04B8056C2138E056003465E0 /* IQTextView.m */; };
		04B805932138E057003465E0 /* IQToolbar.m in Sources */ = {isa = PBXBuildFile; fileRef = 04B805702138E056003465E0 /* IQToolbar.m */; };
		04B805942138E057003465E0 /* IQTitleBarButtonItem.m in Sources */ = {isa = PBXBuildFile; fileRef = 04B805722138E056003465E0 /* IQTitleBarButtonItem.m */; };
		04B805952138E057003465E0 /* IQBarButtonItem.m in Sources */ = {isa = PBXBuildFile; fileRef = 04B805732138E056003465E0 /* IQBarButtonItem.m */; };
		04B805962138E057003465E0 /* IQUIView+IQKeyboardToolbar.m in Sources */ = {isa = PBXBuildFile; fileRef = 04B805742138E056003465E0 /* IQUIView+IQKeyboardToolbar.m */; };
		04B805972138E057003465E0 /* IQPreviousNextView.m in Sources */ = {isa = PBXBuildFile; fileRef = 04B805752138E056003465E0 /* IQPreviousNextView.m */; };
		04B805982138E057003465E0 /* IQKeyboardManager.bundle in Resources */ = {isa = PBXBuildFile; fileRef = 04B8057D2138E056003465E0 /* IQKeyboardManager.bundle */; };
		04B805992138E057003465E0 /* IQKeyboardManager.m in Sources */ = {isa = PBXBuildFile; fileRef = 04B805802138E056003465E0 /* IQKeyboardManager.m */; };
		04B8059A2138E057003465E0 /* IQNSArray+Sort.m in Sources */ = {isa = PBXBuildFile; fileRef = 04B805822138E056003465E0 /* IQNSArray+Sort.m */; };
		04B8059B2138E057003465E0 /* IQUIWindow+Hierarchy.m in Sources */ = {isa = PBXBuildFile; fileRef = 04B805832138E056003465E0 /* IQUIWindow+Hierarchy.m */; };
		04B8059C2138E057003465E0 /* IQUITextFieldView+Additions.m in Sources */ = {isa = PBXBuildFile; fileRef = 04B805852138E056003465E0 /* IQUITextFieldView+Additions.m */; };
		04B8059D2138E057003465E0 /* IQUIScrollView+Additions.m in Sources */ = {isa = PBXBuildFile; fileRef = 04B805862138E056003465E0 /* IQUIScrollView+Additions.m */; };
		04B8059E2138E057003465E0 /* IQUIView+Hierarchy.m in Sources */ = {isa = PBXBuildFile; fileRef = 04B805872138E056003465E0 /* IQUIView+Hierarchy.m */; };
		04B8059F2138E057003465E0 /* IQUIViewController+Additions.m in Sources */ = {isa = PBXBuildFile; fileRef = 04B8058C2138E056003465E0 /* IQUIViewController+Additions.m */; };
		04B805A02138E057003465E0 /* IQKeyboardReturnKeyHandler.m in Sources */ = {isa = PBXBuildFile; fileRef = 04B8058E2138E056003465E0 /* IQKeyboardReturnKeyHandler.m */; };
		04B805A12138E057003465E0 /* libAbcMMSDK-Debug-5.6.a in Frameworks */ = {isa = PBXBuildFile; fileRef = 04B8058F2138E057003465E0 /* libAbcMMSDK-Debug-5.6.a */; };
		04B805A42138E112003465E0 /* libresolv.tbd in Frameworks */ = {isa = PBXBuildFile; fileRef = 04B805A32138E112003465E0 /* libresolv.tbd */; };
		04B805A62138E11A003465E0 /* libz.tbd in Frameworks */ = {isa = PBXBuildFile; fileRef = 04B805A52138E11A003465E0 /* libz.tbd */; };
		04B805A82138E121003465E0 /* libc++.tbd in Frameworks */ = {isa = PBXBuildFile; fileRef = 04B805A72138E121003465E0 /* libc++.tbd */; };
		04B805AA2138E128003465E0 /* libsqlite3.0.tbd in Frameworks */ = {isa = PBXBuildFile; fileRef = 04B805A92138E128003465E0 /* libsqlite3.0.tbd */; };
		04B805AC2138E130003465E0 /* UserNotifications.framework in Frameworks */ = {isa = PBXBuildFile; fileRef = 04B805AB2138E12F003465E0 /* UserNotifications.framework */; };
		04B805AE2138E136003465E0 /* CoreFoundation.framework in Frameworks */ = {isa = PBXBuildFile; fileRef = 04B805AD2138E136003465E0 /* CoreFoundation.framework */; };
		04B805B02138E13E003465E0 /* CoreLocation.framework in Frameworks */ = {isa = PBXBuildFile; fileRef = 04B805AF2138E13D003465E0 /* CoreLocation.framework */; };
		04B805B22138E144003465E0 /* ImageIO.framework in Frameworks */ = {isa = PBXBuildFile; fileRef = 04B805B12138E144003465E0 /* ImageIO.framework */; };
		04B805B42138E14B003465E0 /* QuartzCore.framework in Frameworks */ = {isa = PBXBuildFile; fileRef = 04B805B32138E14B003465E0 /* QuartzCore.framework */; };
		04B805B62138E151003465E0 /* CoreTelephony.framework in Frameworks */ = {isa = PBXBuildFile; fileRef = 04B805B52138E151003465E0 /* CoreTelephony.framework */; };
		04B805B82138E184003465E0 /* Security.framework in Frameworks */ = {isa = PBXBuildFile; fileRef = 04B805B72138E184003465E0 /* Security.framework */; };
		04B805BA2138E1A4003465E0 /* CFNetwork.framework in Frameworks */ = {isa = PBXBuildFile; fileRef = 04B805B92138E1A3003465E0 /* CFNetwork.framework */; };
		04B805BC2138E1AB003465E0 /* CoreGraphics.framework in Frameworks */ = {isa = PBXBuildFile; fileRef = 04B805BB2138E1AB003465E0 /* CoreGraphics.framework */; };
		04B805BE2138E1B4003465E0 /* SystemConfiguration.framework in Frameworks */ = {isa = PBXBuildFile; fileRef = 04B805BD2138E1B4003465E0 /* SystemConfiguration.framework */; };
		04B805C22138E410003465E0 /* LaunchScreen.storyboard in Resources */ = {isa = PBXBuildFile; fileRef = 04B805C02138E410003465E0 /* LaunchScreen.storyboard */; };
		04B805C42138ECCE003465E0 /* Foundation.framework in Frameworks */ = {isa = PBXBuildFile; fileRef = 04B805C32138ECCE003465E0 /* Foundation.framework */; };
		04B805C62138ECD5003465E0 /* UIKit.framework in Frameworks */ = {isa = PBXBuildFile; fileRef = 04B805C52138ECD5003465E0 /* UIKit.framework */; };
/* End PBXBuildFile section */

/* Begin PBXContainerItemProxy section */
		04B8051E2138CEBE003465E0 /* PBXContainerItemProxy */ = {
			isa = PBXContainerItemProxy;
			containerPortal = 04B804FD2138CEBC003465E0 /* Project object */;
			proxyType = 1;
			remoteGlobalIDString = 04B805042138CEBC003465E0;
			remoteInfo = 3132helper;
		};
		04B805292138CEBE003465E0 /* PBXContainerItemProxy */ = {
			isa = PBXContainerItemProxy;
			containerPortal = 04B804FD2138CEBC003465E0 /* Project object */;
			proxyType = 1;
			remoteGlobalIDString = 04B805042138CEBC003465E0;
			remoteInfo = 3132helper;
		};
/* End PBXContainerItemProxy section */

/* Begin PBXFileReference section */
		0452146B213910A8005637CA /* FirstInfoViewController.h */ = {isa = PBXFileReference; lastKnownFileType = sourcecode.c.h; path = FirstInfoViewController.h; sourceTree = "<group>"; };
		0452146C213910A8005637CA /* FirstInfoViewController.m */ = {isa = PBXFileReference; lastKnownFileType = sourcecode.c.objc; path = FirstInfoViewController.m; sourceTree = "<group>"; };
		0452146E2139120E005637CA /* FirstObjct.h */ = {isa = PBXFileReference; lastKnownFileType = sourcecode.c.h; path = FirstObjct.h; sourceTree = "<group>"; };
		0452146F2139120E005637CA /* FirstObjct.m */ = {isa = PBXFileReference; lastKnownFileType = sourcecode.c.objc; path = FirstObjct.m; sourceTree = "<group>"; };
		04B59D42213B9D3C0034A32F /* LocalAuthentication.framework */ = {isa = PBXFileReference; lastKnownFileType = wrapper.framework; name = LocalAuthentication.framework; path = System/Library/Frameworks/LocalAuthentication.framework; sourceTree = SDKROOT; };
		04B59D45213CD80B0034A32F /* jcore-ios-1.2.2.a */ = {isa = PBXFileReference; lastKnownFileType = archive.ar; path = "jcore-ios-1.2.2.a"; sourceTree = "<group>"; };
		04B59D46213CD80B0034A32F /* jpush-ios-3.1.0.a */ = {isa = PBXFileReference; lastKnownFileType = archive.ar; path = "jpush-ios-3.1.0.a"; sourceTree = "<group>"; };
		04B59D47213CD80B0034A32F /* JPUSHService.h */ = {isa = PBXFileReference; fileEncoding = 4; lastKnownFileType = sourcecode.c.h; path = JPUSHService.h; sourceTree = "<group>"; };
		04B805052138CEBC003465E0 /* 3132helper.app */ = {isa = PBXFileReference; explicitFileType = wrapper.application; includeInIndex = 0; path = 3132helper.app; sourceTree = BUILT_PRODUCTS_DIR; };
		04B805082138CEBC003465E0 /* AppDelegate.h */ = {isa = PBXFileReference; lastKnownFileType = sourcecode.c.h; path = AppDelegate.h; sourceTree = "<group>"; };
		04B805092138CEBC003465E0 /* AppDelegate.m */ = {isa = PBXFileReference; lastKnownFileType = sourcecode.c.objc; path = AppDelegate.m; sourceTree = "<group>"; };
		04B8050B2138CEBC003465E0 /* ViewController.h */ = {isa = PBXFileReference; lastKnownFileType = sourcecode.c.h; path = ViewController.h; sourceTree = "<group>"; };
		04B8050C2138CEBC003465E0 /* ViewController.m */ = {isa = PBXFileReference; lastKnownFileType = sourcecode.c.objc; path = ViewController.m; sourceTree = "<group>"; };
		04B8050F2138CEBC003465E0 /* Base */ = {isa = PBXFileReference; lastKnownFileType = file.storyboard; name = Base; path = Base.lproj/Main.storyboard; sourceTree = "<group>"; };
		04B805112138CEBE003465E0 /* Assets.xcassets */ = {isa = PBXFileReference; lastKnownFileType = folder.assetcatalog; path = Assets.xcassets; sourceTree = "<group>"; };
		04B805162138CEBE003465E0 /* Info.plist */ = {isa = PBXFileReference; lastKnownFileType = text.plist.xml; path = Info.plist; sourceTree = "<group>"; };
		04B805172138CEBE003465E0 /* main.m */ = {isa = PBXFileReference; lastKnownFileType = sourcecode.c.objc; path = main.m; sourceTree = "<group>"; };
		04B8051D2138CEBE003465E0 /* 3132helperTests.xctest */ = {isa = PBXFileReference; explicitFileType = wrapper.cfbundle; includeInIndex = 0; path = 3132helperTests.xctest; sourceTree = BUILT_PRODUCTS_DIR; };
		04B805212138CEBE003465E0 /* _132helperTests.m */ = {isa = PBXFileReference; lastKnownFileType = sourcecode.c.objc; path = _132helperTests.m; sourceTree = "<group>"; };
		04B805232138CEBE003465E0 /* Info.plist */ = {isa = PBXFileReference; lastKnownFileType = text.plist.xml; path = Info.plist; sourceTree = "<group>"; };
		04B805282138CEBE003465E0 /* 3132helperUITests.xctest */ = {isa = PBXFileReference; explicitFileType = wrapper.cfbundle; includeInIndex = 0; path = 3132helperUITests.xctest; sourceTree = BUILT_PRODUCTS_DIR; };
		04B8052C2138CEBE003465E0 /* _132helperUITests.m */ = {isa = PBXFileReference; lastKnownFileType = sourcecode.c.objc; path = _132helperUITests.m; sourceTree = "<group>"; };
		04B8052E2138CEBE003465E0 /* Info.plist */ = {isa = PBXFileReference; lastKnownFileType = text.plist.xml; path = Info.plist; sourceTree = "<group>"; };
		04B8053A2138D437003465E0 /* FirstViewController.h */ = {isa = PBXFileReference; lastKnownFileType = sourcecode.c.h; path = FirstViewController.h; sourceTree = "<group>"; };
		04B8053B2138D437003465E0 /* FirstViewController.m */ = {isa = PBXFileReference; lastKnownFileType = sourcecode.c.objc; path = FirstViewController.m; sourceTree = "<group>"; };
		04B8053D2138D453003465E0 /* SecondViewController.h */ = {isa = PBXFileReference; lastKnownFileType = sourcecode.c.h; path = SecondViewController.h; sourceTree = "<group>"; };
		04B8053E2138D453003465E0 /* SecondViewController.m */ = {isa = PBXFileReference; lastKnownFileType = sourcecode.c.objc; path = SecondViewController.m; sourceTree = "<group>"; };
		04B805402138D47A003465E0 /* ThirdViewController.h */ = {isa = PBXFileReference; lastKnownFileType = sourcecode.c.h; path = ThirdViewController.h; sourceTree = "<group>"; };
		04B805412138D47A003465E0 /* ThirdViewController.m */ = {isa = PBXFileReference; lastKnownFileType = sourcecode.c.objc; path = ThirdViewController.m; sourceTree = "<group>"; };
		04B805432138D490003465E0 /* FourthViewController.h */ = {isa = PBXFileReference; lastKnownFileType = sourcecode.c.h; path = FourthViewController.h; sourceTree = "<group>"; };
		04B805442138D490003465E0 /* FourthViewController.m */ = {isa = PBXFileReference; lastKnownFileType = sourcecode.c.objc; path = FourthViewController.m; sourceTree = "<group>"; };
		04B805482138DD45003465E0 /* NSObject+TDAttribute.m */ = {isa = PBXFileReference; fileEncoding = 4; lastKnownFileType = sourcecode.c.objc; path = "NSObject+TDAttribute.m"; sourceTree = "<group>"; };
		04B805492138DD45003465E0 /* TDPerformer.h */ = {isa = PBXFileReference; fileEncoding = 4; lastKnownFileType = sourcecode.c.h; path = TDPerformer.h; sourceTree = "<group>"; };
		04B8054A2138DD45003465E0 /* TDOperator.m */ = {isa = PBXFileReference; fileEncoding = 4; lastKnownFileType = sourcecode.c.objc; path = TDOperator.m; sourceTree = "<group>"; };
		04B8054B2138DD45003465E0 /* NSObject＋TDKeyValue.m */ = {isa = PBXFileReference; fileEncoding = 4; lastKnownFileType = sourcecode.c.objc; path = "NSObject＋TDKeyValue.m"; sourceTree = "<group>"; };
		04B8054C2138DD45003465E0 /* NSObject+TDAttribute.h */ = {isa = PBXFileReference; fileEncoding = 4; lastKnownFileType = sourcecode.c.h; path = "NSObject+TDAttribute.h"; sourceTree = "<group>"; };
		04B8054D2138DD45003465E0 /* NSObject＋TDKeyValue.h */ = {isa = PBXFileReference; fileEncoding = 4; lastKnownFileType = sourcecode.c.h; path = "NSObject＋TDKeyValue.h"; sourceTree = "<group>"; };
		04B8054E2138DD45003465E0 /* TDOperator.h */ = {isa = PBXFileReference; fileEncoding = 4; lastKnownFileType = sourcecode.c.h; path = TDOperator.h; sourceTree = "<group>"; };
		04B8054F2138DD45003465E0 /* TDPerformer.m */ = {isa = PBXFileReference; fileEncoding = 4; lastKnownFileType = sourcecode.c.objc; path = TDPerformer.m; sourceTree = "<group>"; };
		04B805502138DD45003465E0 /* TDCache.h */ = {isa = PBXFileReference; fileEncoding = 4; lastKnownFileType = sourcecode.c.h; path = TDCache.h; sourceTree = "<group>"; };
		04B805522138DD45003465E0 /* FMDatabase.h */ = {isa = PBXFileReference; fileEncoding = 4; lastKnownFileType = sourcecode.c.h; path = FMDatabase.h; sourceTree = "<group>"; };
		04B805532138DD45003465E0 /* FMDatabaseQueue.m */ = {isa = PBXFileReference; fileEncoding = 4; lastKnownFileType = sourcecode.c.objc; path = FMDatabaseQueue.m; sourceTree = "<group>"; };
		04B805542138DD45003465E0 /* FMResultSet.h */ = {isa = PBXFileReference; fileEncoding = 4; lastKnownFileType = sourcecode.c.h; path = FMResultSet.h; sourceTree = "<group>"; };
		04B805552138DD45003465E0 /* FMDatabasePool.h */ = {isa = PBXFileReference; fileEncoding = 4; lastKnownFileType = sourcecode.c.h; path = FMDatabasePool.h; sourceTree = "<group>"; };
		04B805562138DD45003465E0 /* FMDatabaseAdditions.m */ = {isa = PBXFileReference; fileEncoding = 4; lastKnownFileType = sourcecode.c.objc; path = FMDatabaseAdditions.m; sourceTree = "<group>"; };
		04B805572138DD45003465E0 /* FMDatabase.m */ = {isa = PBXFileReference; fileEncoding = 4; lastKnownFileType = sourcecode.c.objc; path = FMDatabase.m; sourceTree = "<group>"; };
		04B805582138DD45003465E0 /* FMDatabaseQueue.h */ = {isa = PBXFileReference; fileEncoding = 4; lastKnownFileType = sourcecode.c.h; path = FMDatabaseQueue.h; sourceTree = "<group>"; };
		04B805592138DD45003465E0 /* FMDatabaseAdditions.h */ = {isa = PBXFileReference; fileEncoding = 4; lastKnownFileType = sourcecode.c.h; path = FMDatabaseAdditions.h; sourceTree = "<group>"; };
		04B8055A2138DD45003465E0 /* FMDatabasePool.m */ = {isa = PBXFileReference; fileEncoding = 4; lastKnownFileType = sourcecode.c.objc; path = FMDatabasePool.m; sourceTree = "<group>"; };
		04B8055B2138DD45003465E0 /* FMResultSet.m */ = {isa = PBXFileReference; fileEncoding = 4; lastKnownFileType = sourcecode.c.objc; path = FMResultSet.m; sourceTree = "<group>"; };
		04B805652138DD89003465E0 /* PrefixHeader.pch */ = {isa = PBXFileReference; fileEncoding = 4; lastKnownFileType = sourcecode.c.h; path = PrefixHeader.pch; sourceTree = "<group>"; };
		04B805672138E055003465E0 /* main.jsbundle */ = {isa = PBXFileReference; fileEncoding = 4; lastKnownFileType = text; path = main.jsbundle; sourceTree = "<group>"; };
		04B805682138E055003465E0 /* AbcMMSDK.h */ = {isa = PBXFileReference; fileEncoding = 4; lastKnownFileType = sourcecode.c.h; path = AbcMMSDK.h; sourceTree = "<group>"; };
		04B805692138E056003465E0 /* libAbcMMSDK-5.6.a */ = {isa = PBXFileReference; lastKnownFileType = archive.ar; path = "libAbcMMSDK-5.6.a"; sourceTree = "<group>"; };
		04B8056C2138E056003465E0 /* IQTextView.m */ = {isa = PBXFileReference; fileEncoding = 4; lastKnownFileType = sourcecode.c.objc; path = IQTextView.m; sourceTree = "<group>"; };
		04B8056D2138E056003465E0 /* IQTextView.h */ = {isa = PBXFileReference; fileEncoding = 4; lastKnownFileType = sourcecode.c.h; path = IQTextView.h; sourceTree = "<group>"; };
		04B8056F2138E056003465E0 /* IQUIView+IQKeyboardToolbar.h */ = {isa = PBXFileReference; fileEncoding = 4; lastKnownFileType = sourcecode.c.h; path = "IQUIView+IQKeyboardToolbar.h"; sourceTree = "<group>"; };
		04B805702138E056003465E0 /* IQToolbar.m */ = {isa = PBXFileReference; fileEncoding = 4; lastKnownFileType = sourcecode.c.objc; path = IQToolbar.m; sourceTree = "<group>"; };
		04B805712138E056003465E0 /* IQPreviousNextView.h */ = {isa = PBXFileReference; fileEncoding = 4; lastKnownFileType = sourcecode.c.h; path = IQPreviousNextView.h; sourceTree = "<group>"; };
		04B805722138E056003465E0 /* IQTitleBarButtonItem.m */ = {isa = PBXFileReference; fileEncoding = 4; lastKnownFileType = sourcecode.c.objc; path = IQTitleBarButtonItem.m; sourceTree = "<group>"; };
		04B805732138E056003465E0 /* IQBarButtonItem.m */ = {isa = PBXFileReference; fileEncoding = 4; lastKnownFileType = sourcecode.c.objc; path = IQBarButtonItem.m; sourceTree = "<group>"; };
		04B805742138E056003465E0 /* IQUIView+IQKeyboardToolbar.m */ = {isa = PBXFileReference; fileEncoding = 4; lastKnownFileType = sourcecode.c.objc; path = "IQUIView+IQKeyboardToolbar.m"; sourceTree = "<group>"; };
		04B805752138E056003465E0 /* IQPreviousNextView.m */ = {isa = PBXFileReference; fileEncoding = 4; lastKnownFileType = sourcecode.c.objc; path = IQPreviousNextView.m; sourceTree = "<group>"; };
		04B805762138E056003465E0 /* IQToolbar.h */ = {isa = PBXFileReference; fileEncoding = 4; lastKnownFileType = sourcecode.c.h; path = IQToolbar.h; sourceTree = "<group>"; };
		04B805772138E056003465E0 /* IQBarButtonItem.h */ = {isa = PBXFileReference; fileEncoding = 4; lastKnownFileType = sourcecode.c.h; path = IQBarButtonItem.h; sourceTree = "<group>"; };
		04B805782138E056003465E0 /* IQTitleBarButtonItem.h */ = {isa = PBXFileReference; fileEncoding = 4; lastKnownFileType = sourcecode.c.h; path = IQTitleBarButtonItem.h; sourceTree = "<group>"; };
		04B8057A2138E056003465E0 /* IQKeyboardManagerConstantsInternal.h */ = {isa = PBXFileReference; fileEncoding = 4; lastKnownFileType = sourcecode.c.h; path = IQKeyboardManagerConstantsInternal.h; sourceTree = "<group>"; };
		04B8057B2138E056003465E0 /* IQKeyboardManagerConstants.h */ = {isa = PBXFileReference; fileEncoding = 4; lastKnownFileType = sourcecode.c.h; path = IQKeyboardManagerConstants.h; sourceTree = "<group>"; };
		04B8057D2138E056003465E0 /* IQKeyboardManager.bundle */ = {isa = PBXFileReference; lastKnownFileType = "wrapper.plug-in"; path = IQKeyboardManager.bundle; sourceTree = "<group>"; };
		04B8057E2138E056003465E0 /* IQKeyboardReturnKeyHandler.h */ = {isa = PBXFileReference; fileEncoding = 4; lastKnownFileType = sourcecode.c.h; path = IQKeyboardReturnKeyHandler.h; sourceTree = "<group>"; };
		04B8057F2138E056003465E0 /* IQKeyboardManager.h */ = {isa = PBXFileReference; fileEncoding = 4; lastKnownFileType = sourcecode.c.h; path = IQKeyboardManager.h; sourceTree = "<group>"; };
		04B805802138E056003465E0 /* IQKeyboardManager.m */ = {isa = PBXFileReference; fileEncoding = 4; lastKnownFileType = sourcecode.c.objc; path = IQKeyboardManager.m; sourceTree = "<group>"; };
		04B805822138E056003465E0 /* IQNSArray+Sort.m */ = {isa = PBXFileReference; fileEncoding = 4; lastKnownFileType = sourcecode.c.objc; path = "IQNSArray+Sort.m"; sourceTree = "<group>"; };
		04B805832138E056003465E0 /* IQUIWindow+Hierarchy.m */ = {isa = PBXFileReference; fileEncoding = 4; lastKnownFileType = sourcecode.c.objc; path = "IQUIWindow+Hierarchy.m"; sourceTree = "<group>"; };
		04B805842138E056003465E0 /* IQUIViewController+Additions.h */ = {isa = PBXFileReference; fileEncoding = 4; lastKnownFileType = sourcecode.c.h; path = "IQUIViewController+Additions.h"; sourceTree = "<group>"; };
		04B805852138E056003465E0 /* IQUITextFieldView+Additions.m */ = {isa = PBXFileReference; fileEncoding = 4; lastKnownFileType = sourcecode.c.objc; path = "IQUITextFieldView+Additions.m"; sourceTree = "<group>"; };
		04B805862138E056003465E0 /* IQUIScrollView+Additions.m */ = {isa = PBXFileReference; fileEncoding = 4; lastKnownFileType = sourcecode.c.objc; path = "IQUIScrollView+Additions.m"; sourceTree = "<group>"; };
		04B805872138E056003465E0 /* IQUIView+Hierarchy.m */ = {isa = PBXFileReference; fileEncoding = 4; lastKnownFileType = sourcecode.c.objc; path = "IQUIView+Hierarchy.m"; sourceTree = "<group>"; };
		04B805882138E056003465E0 /* IQUIWindow+Hierarchy.h */ = {isa = PBXFileReference; fileEncoding = 4; lastKnownFileType = sourcecode.c.h; path = "IQUIWindow+Hierarchy.h"; sourceTree = "<group>"; };
		04B805892138E056003465E0 /* IQNSArray+Sort.h */ = {isa = PBXFileReference; fileEncoding = 4; lastKnownFileType = sourcecode.c.h; path = "IQNSArray+Sort.h"; sourceTree = "<group>"; };
		04B8058A2138E056003465E0 /* IQUIScrollView+Additions.h */ = {isa = PBXFileReference; fileEncoding = 4; lastKnownFileType = sourcecode.c.h; path = "IQUIScrollView+Additions.h"; sourceTree = "<group>"; };
		04B8058B2138E056003465E0 /* IQUITextFieldView+Additions.h */ = {isa = PBXFileReference; fileEncoding = 4; lastKnownFileType = sourcecode.c.h; path = "IQUITextFieldView+Additions.h"; sourceTree = "<group>"; };
		04B8058C2138E056003465E0 /* IQUIViewController+Additions.m */ = {isa = PBXFileReference; fileEncoding = 4; lastKnownFileType = sourcecode.c.objc; path = "IQUIViewController+Additions.m"; sourceTree = "<group>"; };
		04B8058D2138E056003465E0 /* IQUIView+Hierarchy.h */ = {isa = PBXFileReference; fileEncoding = 4; lastKnownFileType = sourcecode.c.h; path = "IQUIView+Hierarchy.h"; sourceTree = "<group>"; };
		04B8058E2138E056003465E0 /* IQKeyboardReturnKeyHandler.m */ = {isa = PBXFileReference; fileEncoding = 4; lastKnownFileType = sourcecode.c.objc; path = IQKeyboardReturnKeyHandler.m; sourceTree = "<group>"; };
		04B8058F2138E057003465E0 /* libAbcMMSDK-Debug-5.6.a */ = {isa = PBXFileReference; lastKnownFileType = archive.ar; path = "libAbcMMSDK-Debug-5.6.a"; sourceTree = "<group>"; };
		04B805A32138E112003465E0 /* libresolv.tbd */ = {isa = PBXFileReference; lastKnownFileType = "sourcecode.text-based-dylib-definition"; name = libresolv.tbd; path = usr/lib/libresolv.tbd; sourceTree = SDKROOT; };
		04B805A52138E11A003465E0 /* libz.tbd */ = {isa = PBXFileReference; lastKnownFileType = "sourcecode.text-based-dylib-definition"; name = libz.tbd; path = usr/lib/libz.tbd; sourceTree = SDKROOT; };
		04B805A72138E121003465E0 /* libc++.tbd */ = {isa = PBXFileReference; lastKnownFileType = "sourcecode.text-based-dylib-definition"; name = "libc++.tbd"; path = "usr/lib/libc++.tbd"; sourceTree = SDKROOT; };
		04B805A92138E128003465E0 /* libsqlite3.0.tbd */ = {isa = PBXFileReference; lastKnownFileType = "sourcecode.text-based-dylib-definition"; name = libsqlite3.0.tbd; path = usr/lib/libsqlite3.0.tbd; sourceTree = SDKROOT; };
		04B805AB2138E12F003465E0 /* UserNotifications.framework */ = {isa = PBXFileReference; lastKnownFileType = wrapper.framework; name = UserNotifications.framework; path = System/Library/Frameworks/UserNotifications.framework; sourceTree = SDKROOT; };
		04B805AD2138E136003465E0 /* CoreFoundation.framework */ = {isa = PBXFileReference; lastKnownFileType = wrapper.framework; name = CoreFoundation.framework; path = System/Library/Frameworks/CoreFoundation.framework; sourceTree = SDKROOT; };
		04B805AF2138E13D003465E0 /* CoreLocation.framework */ = {isa = PBXFileReference; lastKnownFileType = wrapper.framework; name = CoreLocation.framework; path = System/Library/Frameworks/CoreLocation.framework; sourceTree = SDKROOT; };
		04B805B12138E144003465E0 /* ImageIO.framework */ = {isa = PBXFileReference; lastKnownFileType = wrapper.framework; name = ImageIO.framework; path = System/Library/Frameworks/ImageIO.framework; sourceTree = SDKROOT; };
		04B805B32138E14B003465E0 /* QuartzCore.framework */ = {isa = PBXFileReference; lastKnownFileType = wrapper.framework; name = QuartzCore.framework; path = System/Library/Frameworks/QuartzCore.framework; sourceTree = SDKROOT; };
		04B805B52138E151003465E0 /* CoreTelephony.framework */ = {isa = PBXFileReference; lastKnownFileType = wrapper.framework; name = CoreTelephony.framework; path = System/Library/Frameworks/CoreTelephony.framework; sourceTree = SDKROOT; };
		04B805B72138E184003465E0 /* Security.framework */ = {isa = PBXFileReference; lastKnownFileType = wrapper.framework; name = Security.framework; path = System/Library/Frameworks/Security.framework; sourceTree = SDKROOT; };
		04B805B92138E1A3003465E0 /* CFNetwork.framework */ = {isa = PBXFileReference; lastKnownFileType = wrapper.framework; name = CFNetwork.framework; path = System/Library/Frameworks/CFNetwork.framework; sourceTree = SDKROOT; };
		04B805BB2138E1AB003465E0 /* CoreGraphics.framework */ = {isa = PBXFileReference; lastKnownFileType = wrapper.framework; name = CoreGraphics.framework; path = System/Library/Frameworks/CoreGraphics.framework; sourceTree = SDKROOT; };
		04B805BD2138E1B4003465E0 /* SystemConfiguration.framework */ = {isa = PBXFileReference; lastKnownFileType = wrapper.framework; name = SystemConfiguration.framework; path = System/Library/Frameworks/SystemConfiguration.framework; sourceTree = SDKROOT; };
		04B805BF2138E1F4003465E0 /* 3132helper.entitlements */ = {isa = PBXFileReference; lastKnownFileType = text.plist.entitlements; path = 3132helper.entitlements; sourceTree = "<group>"; };
		04B805C12138E410003465E0 /* Base */ = {isa = PBXFileReference; lastKnownFileType = file.storyboard; name = Base; path = Base.lproj/LaunchScreen.storyboard; sourceTree = "<group>"; };
		04B805C32138ECCE003465E0 /* Foundation.framework */ = {isa = PBXFileReference; lastKnownFileType = wrapper.framework; name = Foundation.framework; path = System/Library/Frameworks/Foundation.framework; sourceTree = SDKROOT; };
		04B805C52138ECD5003465E0 /* UIKit.framework */ = {isa = PBXFileReference; lastKnownFileType = wrapper.framework; name = UIKit.framework; path = System/Library/Frameworks/UIKit.framework; sourceTree = SDKROOT; };
/* End PBXFileReference section */

/* Begin PBXFrameworksBuildPhase section */
		04B805022138CEBC003465E0 /* Frameworks */ = {
			isa = PBXFrameworksBuildPhase;
			buildActionMask = 2147483647;
			files = (
				04B59D43213B9D3D0034A32F /* LocalAuthentication.framework in Frameworks */,
				04B805A42138E112003465E0 /* libresolv.tbd in Frameworks */,
				04B805AC2138E130003465E0 /* UserNotifications.framework in Frameworks */,
				04B805A62138E11A003465E0 /* libz.tbd in Frameworks */,
				04B805B82138E184003465E0 /* Security.framework in Frameworks */,
				04B59D48213CD80B0034A32F /* jcore-ios-1.2.2.a in Frameworks */,
				04B805C62138ECD5003465E0 /* UIKit.framework in Frameworks */,
				04B805C42138ECCE003465E0 /* Foundation.framework in Frameworks */,
				04B805BC2138E1AB003465E0 /* CoreGraphics.framework in Frameworks */,
				04B59D49213CD80B0034A32F /* jpush-ios-3.1.0.a in Frameworks */,
				04B805BE2138E1B4003465E0 /* SystemConfiguration.framework in Frameworks */,
				04B805B62138E151003465E0 /* CoreTelephony.framework in Frameworks */,
				04B805AE2138E136003465E0 /* CoreFoundation.framework in Frameworks */,
				04B805BA2138E1A4003465E0 /* CFNetwork.framework in Frameworks */,
				04B805B42138E14B003465E0 /* QuartzCore.framework in Frameworks */,
				04B805B22138E144003465E0 /* ImageIO.framework in Frameworks */,
				04B805B02138E13E003465E0 /* CoreLocation.framework in Frameworks */,
				04B805AA2138E128003465E0 /* libsqlite3.0.tbd in Frameworks */,
				04B805A82138E121003465E0 /* libc++.tbd in Frameworks */,
				04B805912138E057003465E0 /* libAbcMMSDK-5.6.a in Frameworks */,
				04B805A12138E057003465E0 /* libAbcMMSDK-Debug-5.6.a in Frameworks */,
			);
			runOnlyForDeploymentPostprocessing = 0;
		};
		04B8051A2138CEBE003465E0 /* Frameworks */ = {
			isa = PBXFrameworksBuildPhase;
			buildActionMask = 2147483647;
			files = (
			);
			runOnlyForDeploymentPostprocessing = 0;
		};
		04B805252138CEBE003465E0 /* Frameworks */ = {
			isa = PBXFrameworksBuildPhase;
			buildActionMask = 2147483647;
			files = (
			);
			runOnlyForDeploymentPostprocessing = 0;
		};
/* End PBXFrameworksBuildPhase section */

/* Begin PBXGroup section */
		0452146521391070005637CA /* First */ = {
			isa = PBXGroup;
			children = (
				0452146B213910A8005637CA /* FirstInfoViewController.h */,
				0452146C213910A8005637CA /* FirstInfoViewController.m */,
				0452146E2139120E005637CA /* FirstObjct.h */,
				0452146F2139120E005637CA /* FirstObjct.m */,
			);
			path = First;
			sourceTree = "<group>";
		};
		04B59D44213CD7E80034A32F /* Lib */ = {
			isa = PBXGroup;
			children = (
				04B59D45213CD80B0034A32F /* jcore-ios-1.2.2.a */,
				04B59D46213CD80B0034A32F /* jpush-ios-3.1.0.a */,
				04B59D47213CD80B0034A32F /* JPUSHService.h */,
			);
			path = Lib;
			sourceTree = "<group>";
		};
		04B804FC2138CEBC003465E0 = {
			isa = PBXGroup;
			children = (
				04B805072138CEBC003465E0 /* 3132helper */,
				04B805202138CEBE003465E0 /* 3132helperTests */,
				04B8052B2138CEBE003465E0 /* 3132helperUITests */,
				04B805062138CEBC003465E0 /* Products */,
				04B805A22138E111003465E0 /* Frameworks */,
			);
			sourceTree = "<group>";
		};
		04B805062138CEBC003465E0 /* Products */ = {
			isa = PBXGroup;
			children = (
				04B805052138CEBC003465E0 /* 3132helper.app */,
				04B8051D2138CEBE003465E0 /* 3132helperTests.xctest */,
				04B805282138CEBE003465E0 /* 3132helperUITests.xctest */,
			);
			name = Products;
			sourceTree = "<group>";
		};
		04B805072138CEBC003465E0 /* 3132helper */ = {
			isa = PBXGroup;
			children = (
				04B59D44213CD7E80034A32F /* Lib */,
				04B805BF2138E1F4003465E0 /* 3132helper.entitlements */,
				04B805662138E048003465E0 /* SDK */,
				04B805462138DD45003465E0 /* TDCache */,
				04B805082138CEBC003465E0 /* AppDelegate.h */,
				04B805092138CEBC003465E0 /* AppDelegate.m */,
				04B8050B2138CEBC003465E0 /* ViewController.h */,
				04B8050C2138CEBC003465E0 /* ViewController.m */,
				04B8053A2138D437003465E0 /* FirstViewController.h */,
				04B8053B2138D437003465E0 /* FirstViewController.m */,
				0452146521391070005637CA /* First */,
				04B8053D2138D453003465E0 /* SecondViewController.h */,
				04B8053E2138D453003465E0 /* SecondViewController.m */,
				04B805402138D47A003465E0 /* ThirdViewController.h */,
				04B805412138D47A003465E0 /* ThirdViewController.m */,
				04B805432138D490003465E0 /* FourthViewController.h */,
				04B805442138D490003465E0 /* FourthViewController.m */,
				04B805C02138E410003465E0 /* LaunchScreen.storyboard */,
				04B8050E2138CEBC003465E0 /* Main.storyboard */,
				04B805112138CEBE003465E0 /* Assets.xcassets */,
				04B805162138CEBE003465E0 /* Info.plist */,
				04B805172138CEBE003465E0 /* main.m */,
				04B805652138DD89003465E0 /* PrefixHeader.pch */,
			);
			path = 3132helper;
			sourceTree = "<group>";
		};
		04B805202138CEBE003465E0 /* 3132helperTests */ = {
			isa = PBXGroup;
			children = (
				04B805212138CEBE003465E0 /* _132helperTests.m */,
				04B805232138CEBE003465E0 /* Info.plist */,
			);
			path = 3132helperTests;
			sourceTree = "<group>";
		};
		04B8052B2138CEBE003465E0 /* 3132helperUITests */ = {
			isa = PBXGroup;
			children = (
				04B8052C2138CEBE003465E0 /* _132helperUITests.m */,
				04B8052E2138CEBE003465E0 /* Info.plist */,
			);
			path = 3132helperUITests;
			sourceTree = "<group>";
		};
		04B805462138DD45003465E0 /* TDCache */ = {
			isa = PBXGroup;
			children = (
				04B805472138DD45003465E0 /* TDCacheObject */,
				04B805502138DD45003465E0 /* TDCache.h */,
				04B805512138DD45003465E0 /* FMDB */,
			);
			path = TDCache;
			sourceTree = "<group>";
		};
		04B805472138DD45003465E0 /* TDCacheObject */ = {
			isa = PBXGroup;
			children = (
				04B805482138DD45003465E0 /* NSObject+TDAttribute.m */,
				04B805492138DD45003465E0 /* TDPerformer.h */,
				04B8054A2138DD45003465E0 /* TDOperator.m */,
				04B8054B2138DD45003465E0 /* NSObject＋TDKeyValue.m */,
				04B8054C2138DD45003465E0 /* NSObject+TDAttribute.h */,
				04B8054D2138DD45003465E0 /* NSObject＋TDKeyValue.h */,
				04B8054E2138DD45003465E0 /* TDOperator.h */,
				04B8054F2138DD45003465E0 /* TDPerformer.m */,
			);
			path = TDCacheObject;
			sourceTree = "<group>";
		};
		04B805512138DD45003465E0 /* FMDB */ = {
			isa = PBXGroup;
			children = (
				04B805522138DD45003465E0 /* FMDatabase.h */,
				04B805532138DD45003465E0 /* FMDatabaseQueue.m */,
				04B805542138DD45003465E0 /* FMResultSet.h */,
				04B805552138DD45003465E0 /* FMDatabasePool.h */,
				04B805562138DD45003465E0 /* FMDatabaseAdditions.m */,
				04B805572138DD45003465E0 /* FMDatabase.m */,
				04B805582138DD45003465E0 /* FMDatabaseQueue.h */,
				04B805592138DD45003465E0 /* FMDatabaseAdditions.h */,
				04B8055A2138DD45003465E0 /* FMDatabasePool.m */,
				04B8055B2138DD45003465E0 /* FMResultSet.m */,
			);
			path = FMDB;
			sourceTree = "<group>";
		};
		04B805662138E048003465E0 /* SDK */ = {
			isa = PBXGroup;
			children = (
				04B805682138E055003465E0 /* AbcMMSDK.h */,
				04B8056A2138E056003465E0 /* IQKeyboardManager */,
				04B805692138E056003465E0 /* libAbcMMSDK-5.6.a */,
				04B8058F2138E057003465E0 /* libAbcMMSDK-Debug-5.6.a */,
				04B805672138E055003465E0 /* main.jsbundle */,
			);
			path = SDK;
			sourceTree = "<group>";
		};
		04B8056A2138E056003465E0 /* IQKeyboardManager */ = {
			isa = PBXGroup;
			children = (
				04B8056B2138E056003465E0 /* IQTextView */,
				04B8056E2138E056003465E0 /* IQToolbar */,
				04B805792138E056003465E0 /* Constants */,
				04B8057C2138E056003465E0 /* Resources */,
				04B8057E2138E056003465E0 /* IQKeyboardReturnKeyHandler.h */,
				04B8057F2138E056003465E0 /* IQKeyboardManager.h */,
				04B805802138E056003465E0 /* IQKeyboardManager.m */,
				04B805812138E056003465E0 /* Categories */,
				04B8058E2138E056003465E0 /* IQKeyboardReturnKeyHandler.m */,
			);
			path = IQKeyboardManager;
			sourceTree = "<group>";
		};
		04B8056B2138E056003465E0 /* IQTextView */ = {
			isa = PBXGroup;
			children = (
				04B8056C2138E056003465E0 /* IQTextView.m */,
				04B8056D2138E056003465E0 /* IQTextView.h */,
			);
			path = IQTextView;
			sourceTree = "<group>";
		};
		04B8056E2138E056003465E0 /* IQToolbar */ = {
			isa = PBXGroup;
			children = (
				04B8056F2138E056003465E0 /* IQUIView+IQKeyboardToolbar.h */,
				04B805702138E056003465E0 /* IQToolbar.m */,
				04B805712138E056003465E0 /* IQPreviousNextView.h */,
				04B805722138E056003465E0 /* IQTitleBarButtonItem.m */,
				04B805732138E056003465E0 /* IQBarButtonItem.m */,
				04B805742138E056003465E0 /* IQUIView+IQKeyboardToolbar.m */,
				04B805752138E056003465E0 /* IQPreviousNextView.m */,
				04B805762138E056003465E0 /* IQToolbar.h */,
				04B805772138E056003465E0 /* IQBarButtonItem.h */,
				04B805782138E056003465E0 /* IQTitleBarButtonItem.h */,
			);
			path = IQToolbar;
			sourceTree = "<group>";
		};
		04B805792138E056003465E0 /* Constants */ = {
			isa = PBXGroup;
			children = (
				04B8057A2138E056003465E0 /* IQKeyboardManagerConstantsInternal.h */,
				04B8057B2138E056003465E0 /* IQKeyboardManagerConstants.h */,
			);
			path = Constants;
			sourceTree = "<group>";
		};
		04B8057C2138E056003465E0 /* Resources */ = {
			isa = PBXGroup;
			children = (
				04B8057D2138E056003465E0 /* IQKeyboardManager.bundle */,
			);
			path = Resources;
			sourceTree = "<group>";
		};
		04B805812138E056003465E0 /* Categories */ = {
			isa = PBXGroup;
			children = (
				04B805822138E056003465E0 /* IQNSArray+Sort.m */,
				04B805832138E056003465E0 /* IQUIWindow+Hierarchy.m */,
				04B805842138E056003465E0 /* IQUIViewController+Additions.h */,
				04B805852138E056003465E0 /* IQUITextFieldView+Additions.m */,
				04B805862138E056003465E0 /* IQUIScrollView+Additions.m */,
				04B805872138E056003465E0 /* IQUIView+Hierarchy.m */,
				04B805882138E056003465E0 /* IQUIWindow+Hierarchy.h */,
				04B805892138E056003465E0 /* IQNSArray+Sort.h */,
				04B8058A2138E056003465E0 /* IQUIScrollView+Additions.h */,
				04B8058B2138E056003465E0 /* IQUITextFieldView+Additions.h */,
				04B8058C2138E056003465E0 /* IQUIViewController+Additions.m */,
				04B8058D2138E056003465E0 /* IQUIView+Hierarchy.h */,
			);
			path = Categories;
			sourceTree = "<group>";
		};
		04B805A22138E111003465E0 /* Frameworks */ = {
			isa = PBXGroup;
			children = (
				04B59D42213B9D3C0034A32F /* LocalAuthentication.framework */,
				04B805C52138ECD5003465E0 /* UIKit.framework */,
				04B805C32138ECCE003465E0 /* Foundation.framework */,
				04B805BD2138E1B4003465E0 /* SystemConfiguration.framework */,
				04B805BB2138E1AB003465E0 /* CoreGraphics.framework */,
				04B805B92138E1A3003465E0 /* CFNetwork.framework */,
				04B805B72138E184003465E0 /* Security.framework */,
				04B805B52138E151003465E0 /* CoreTelephony.framework */,
				04B805B32138E14B003465E0 /* QuartzCore.framework */,
				04B805B12138E144003465E0 /* ImageIO.framework */,
				04B805AF2138E13D003465E0 /* CoreLocation.framework */,
				04B805AD2138E136003465E0 /* CoreFoundation.framework */,
				04B805AB2138E12F003465E0 /* UserNotifications.framework */,
				04B805A92138E128003465E0 /* libsqlite3.0.tbd */,
				04B805A72138E121003465E0 /* libc++.tbd */,
				04B805A52138E11A003465E0 /* libz.tbd */,
				04B805A32138E112003465E0 /* libresolv.tbd */,
			);
			name = Frameworks;
			sourceTree = "<group>";
		};
/* End PBXGroup section */

/* Begin PBXNativeTarget section */
		04B805042138CEBC003465E0 /* 3132helper */ = {
			isa = PBXNativeTarget;
			buildConfigurationList = 04B805312138CEBE003465E0 /* Build configuration list for PBXNativeTarget "3132helper" */;
			buildPhases = (
				04B805012138CEBC003465E0 /* Sources */,
				04B805022138CEBC003465E0 /* Frameworks */,
				04B805032138CEBC003465E0 /* Resources */,
			);
			buildRules = (
			);
			dependencies = (
			);
			name = 3132helper;
			productName = 3132helper;
			productReference = 04B805052138CEBC003465E0 /* 3132helper.app */;
			productType = "com.apple.product-type.application";
		};
		04B8051C2138CEBE003465E0 /* 3132helperTests */ = {
			isa = PBXNativeTarget;
			buildConfigurationList = 04B805342138CEBE003465E0 /* Build configuration list for PBXNativeTarget "3132helperTests" */;
			buildPhases = (
				04B805192138CEBE003465E0 /* Sources */,
				04B8051A2138CEBE003465E0 /* Frameworks */,
				04B8051B2138CEBE003465E0 /* Resources */,
			);
			buildRules = (
			);
			dependencies = (
				04B8051F2138CEBE003465E0 /* PBXTargetDependency */,
			);
			name = 3132helperTests;
			productName = 3132helperTests;
			productReference = 04B8051D2138CEBE003465E0 /* 3132helperTests.xctest */;
			productType = "com.apple.product-type.bundle.unit-test";
		};
		04B805272138CEBE003465E0 /* 3132helperUITests */ = {
			isa = PBXNativeTarget;
			buildConfigurationList = 04B805372138CEBE003465E0 /* Build configuration list for PBXNativeTarget "3132helperUITests" */;
			buildPhases = (
				04B805242138CEBE003465E0 /* Sources */,
				04B805252138CEBE003465E0 /* Frameworks */,
				04B805262138CEBE003465E0 /* Resources */,
			);
			buildRules = (
			);
			dependencies = (
				04B8052A2138CEBE003465E0 /* PBXTargetDependency */,
			);
			name = 3132helperUITests;
			productName = 3132helperUITests;
			productReference = 04B805282138CEBE003465E0 /* 3132helperUITests.xctest */;
			productType = "com.apple.product-type.bundle.ui-testing";
		};
/* End PBXNativeTarget section */

/* Begin PBXProject section */
		04B804FD2138CEBC003465E0 /* Project object */ = {
			isa = PBXProject;
			attributes = {
				LastUpgradeCheck = 0940;
				ORGANIZATIONNAME = DAA;
				TargetAttributes = {
					04B805042138CEBC003465E0 = {
						CreatedOnToolsVersion = 9.4.1;
						SystemCapabilities = {
							com.apple.Push = {
								enabled = 1;
							};
						};
					};
					04B8051C2138CEBE003465E0 = {
						CreatedOnToolsVersion = 9.4.1;
						TestTargetID = 04B805042138CEBC003465E0;
					};
					04B805272138CEBE003465E0 = {
						CreatedOnToolsVersion = 9.4.1;
						TestTargetID = 04B805042138CEBC003465E0;
					};
				};
			};
			buildConfigurationList = 04B805002138CEBC003465E0 /* Build configuration list for PBXProject "3132helper" */;
			compatibilityVersion = "Xcode 9.3";
			developmentRegion = en;
			hasScannedForEncodings = 0;
			knownRegions = (
				en,
				Base,
			);
			mainGroup = 04B804FC2138CEBC003465E0;
			productRefGroup = 04B805062138CEBC003465E0 /* Products */;
			projectDirPath = "";
			projectRoot = "";
			targets = (
				04B805042138CEBC003465E0 /* 3132helper */,
				04B8051C2138CEBE003465E0 /* 3132helperTests */,
				04B805272138CEBE003465E0 /* 3132helperUITests */,
			);
		};
/* End PBXProject section */

/* Begin PBXResourcesBuildPhase section */
		04B805032138CEBC003465E0 /* Resources */ = {
			isa = PBXResourcesBuildPhase;
			buildActionMask = 2147483647;
			files = (
				04B805982138E057003465E0 /* IQKeyboardManager.bundle in Resources */,
				04B805122138CEBE003465E0 /* Assets.xcassets in Resources */,
				04B805102138CEBC003465E0 /* Main.storyboard in Resources */,
				04B805C22138E410003465E0 /* LaunchScreen.storyboard in Resources */,
				04B805902138E057003465E0 /* main.jsbundle in Resources */,
			);
			runOnlyForDeploymentPostprocessing = 0;
		};
		04B8051B2138CEBE003465E0 /* Resources */ = {
			isa = PBXResourcesBuildPhase;
			buildActionMask = 2147483647;
			files = (
			);
			runOnlyForDeploymentPostprocessing = 0;
		};
		04B805262138CEBE003465E0 /* Resources */ = {
			isa = PBXResourcesBuildPhase;
			buildActionMask = 2147483647;
			files = (
			);
			runOnlyForDeploymentPostprocessing = 0;
		};
/* End PBXResourcesBuildPhase section */

/* Begin PBXSourcesBuildPhase section */
		04B805012138CEBC003465E0 /* Sources */ = {
			isa = PBXSourcesBuildPhase;
			buildActionMask = 2147483647;
			files = (
				04B8059A2138E057003465E0 /* IQNSArray+Sort.m in Sources */,
				04B8055C2138DD45003465E0 /* NSObject+TDAttribute.m in Sources */,
				04B8053F2138D453003465E0 /* SecondViewController.m in Sources */,
				04B805942138E057003465E0 /* IQTitleBarButtonItem.m in Sources */,
				04B8050D2138CEBC003465E0 /* ViewController.m in Sources */,
				04B8059F2138E057003465E0 /* IQUIViewController+Additions.m in Sources */,
				04B805622138DD45003465E0 /* FMDatabase.m in Sources */,
				0452146D213910A8005637CA /* FirstInfoViewController.m in Sources */,
				04B805422138D47A003465E0 /* ThirdViewController.m in Sources */,
				04B805952138E057003465E0 /* IQBarButtonItem.m in Sources */,
				04B805932138E057003465E0 /* IQToolbar.m in Sources */,
				04B805922138E057003465E0 /* IQTextView.m in Sources */,
				04B8059D2138E057003465E0 /* IQUIScrollView+Additions.m in Sources */,
				04B8055D2138DD45003465E0 /* TDOperator.m in Sources */,
				04B805962138E057003465E0 /* IQUIView+IQKeyboardToolbar.m in Sources */,
				04B805992138E057003465E0 /* IQKeyboardManager.m in Sources */,
				04B805642138DD45003465E0 /* FMResultSet.m in Sources */,
				04B805972138E057003465E0 /* IQPreviousNextView.m in Sources */,
				04B805602138DD45003465E0 /* FMDatabaseQueue.m in Sources */,
				04B8059C2138E057003465E0 /* IQUITextFieldView+Additions.m in Sources */,
				04B805632138DD45003465E0 /* FMDatabasePool.m in Sources */,
				04B8059B2138E057003465E0 /* IQUIWindow+Hierarchy.m in Sources */,
				04B8059E2138E057003465E0 /* IQUIView+Hierarchy.m in Sources */,
				045214702139120E005637CA /* FirstObjct.m in Sources */,
				04B8055E2138DD45003465E0 /* NSObject＋TDKeyValue.m in Sources */,
				04B805182138CEBE003465E0 /* main.m in Sources */,
				04B805612138DD45003465E0 /* FMDatabaseAdditions.m in Sources */,
				04B805A02138E057003465E0 /* IQKeyboardReturnKeyHandler.m in Sources */,
				04B8050A2138CEBC003465E0 /* AppDelegate.m in Sources */,
				04B8055F2138DD45003465E0 /* TDPerformer.m in Sources */,
				04B805452138D490003465E0 /* FourthViewController.m in Sources */,
				04B8053C2138D437003465E0 /* FirstViewController.m in Sources */,
			);
			runOnlyForDeploymentPostprocessing = 0;
		};
		04B805192138CEBE003465E0 /* Sources */ = {
			isa = PBXSourcesBuildPhase;
			buildActionMask = 2147483647;
			files = (
				04B805222138CEBE003465E0 /* _132helperTests.m in Sources */,
			);
			runOnlyForDeploymentPostprocessing = 0;
		};
		04B805242138CEBE003465E0 /* Sources */ = {
			isa = PBXSourcesBuildPhase;
			buildActionMask = 2147483647;
			files = (
				04B8052D2138CEBE003465E0 /* _132helperUITests.m in Sources */,
			);
			runOnlyForDeploymentPostprocessing = 0;
		};
/* End PBXSourcesBuildPhase section */

/* Begin PBXTargetDependency section */
		04B8051F2138CEBE003465E0 /* PBXTargetDependency */ = {
			isa = PBXTargetDependency;
			target = 04B805042138CEBC003465E0 /* 3132helper */;
			targetProxy = 04B8051E2138CEBE003465E0 /* PBXContainerItemProxy */;
		};
		04B8052A2138CEBE003465E0 /* PBXTargetDependency */ = {
			isa = PBXTargetDependency;
			target = 04B805042138CEBC003465E0 /* 3132helper */;
			targetProxy = 04B805292138CEBE003465E0 /* PBXContainerItemProxy */;
		};
/* End PBXTargetDependency section */

/* Begin PBXVariantGroup section */
		04B8050E2138CEBC003465E0 /* Main.storyboard */ = {
			isa = PBXVariantGroup;
			children = (
				04B8050F2138CEBC003465E0 /* Base */,
			);
			name = Main.storyboard;
			sourceTree = "<group>";
		};
		04B805C02138E410003465E0 /* LaunchScreen.storyboard */ = {
			isa = PBXVariantGroup;
			children = (
				04B805C12138E410003465E0 /* Base */,
			);
			name = LaunchScreen.storyboard;
			sourceTree = "<group>";
		};
/* End PBXVariantGroup section */

/* Begin XCBuildConfiguration section */
		04B8052F2138CEBE003465E0 /* Debug */ = {
			isa = XCBuildConfiguration;
			buildSettings = {
				ALWAYS_SEARCH_USER_PATHS = NO;
				CLANG_ANALYZER_NONNULL = YES;
				CLANG_ANALYZER_NUMBER_OBJECT_CONVERSION = YES_AGGRESSIVE;
				CLANG_CXX_LANGUAGE_STANDARD = "gnu++14";
				CLANG_CXX_LIBRARY = "libc++";
				CLANG_ENABLE_MODULES = YES;
				CLANG_ENABLE_OBJC_ARC = YES;
				CLANG_ENABLE_OBJC_WEAK = YES;
				CLANG_WARN_BLOCK_CAPTURE_AUTORELEASING = YES;
				CLANG_WARN_BOOL_CONVERSION = YES;
				CLANG_WARN_COMMA = YES;
				CLANG_WARN_CONSTANT_CONVERSION = YES;
				CLANG_WARN_DEPRECATED_OBJC_IMPLEMENTATIONS = YES;
				CLANG_WARN_DIRECT_OBJC_ISA_USAGE = YES_ERROR;
				CLANG_WARN_DOCUMENTATION_COMMENTS = YES;
				CLANG_WARN_EMPTY_BODY = YES;
				CLANG_WARN_ENUM_CONVERSION = YES;
				CLANG_WARN_INFINITE_RECURSION = YES;
				CLANG_WARN_INT_CONVERSION = YES;
				CLANG_WARN_NON_LITERAL_NULL_CONVERSION = YES;
				CLANG_WARN_OBJC_IMPLICIT_RETAIN_SELF = YES;
				CLANG_WARN_OBJC_LITERAL_CONVERSION = YES;
				CLANG_WARN_OBJC_ROOT_CLASS = YES_ERROR;
				CLANG_WARN_RANGE_LOOP_ANALYSIS = YES;
				CLANG_WARN_STRICT_PROTOTYPES = YES;
				CLANG_WARN_SUSPICIOUS_MOVE = YES;
				CLANG_WARN_UNGUARDED_AVAILABILITY = YES_AGGRESSIVE;
				CLANG_WARN_UNREACHABLE_CODE = YES;
				CLANG_WARN__DUPLICATE_METHOD_MATCH = YES;
				CODE_SIGN_IDENTITY = "iPhone Developer";
				COPY_PHASE_STRIP = NO;
				DEBUG_INFORMATION_FORMAT = dwarf;
				ENABLE_STRICT_OBJC_MSGSEND = YES;
				ENABLE_TESTABILITY = YES;
				GCC_C_LANGUAGE_STANDARD = gnu11;
				GCC_DYNAMIC_NO_PIC = NO;
				GCC_NO_COMMON_BLOCKS = YES;
				GCC_OPTIMIZATION_LEVEL = 0;
				GCC_PREPROCESSOR_DEFINITIONS = (
					"DEBUG=1",
					"$(inherited)",
				);
				GCC_WARN_64_TO_32_BIT_CONVERSION = YES;
				GCC_WARN_ABOUT_RETURN_TYPE = YES_ERROR;
				GCC_WARN_UNDECLARED_SELECTOR = YES;
				GCC_WARN_UNINITIALIZED_AUTOS = YES_AGGRESSIVE;
				GCC_WARN_UNUSED_FUNCTION = YES;
				GCC_WARN_UNUSED_VARIABLE = YES;
				IPHONEOS_DEPLOYMENT_TARGET = 11.4;
				MTL_ENABLE_DEBUG_INFO = YES;
				ONLY_ACTIVE_ARCH = YES;
				SDKROOT = iphoneos;
			};
			name = Debug;
		};
		04B805302138CEBE003465E0 /* Release */ = {
			isa = XCBuildConfiguration;
			buildSettings = {
				ALWAYS_SEARCH_USER_PATHS = NO;
				CLANG_ANALYZER_NONNULL = YES;
				CLANG_ANALYZER_NUMBER_OBJECT_CONVERSION = YES_AGGRESSIVE;
				CLANG_CXX_LANGUAGE_STANDARD = "gnu++14";
				CLANG_CXX_LIBRARY = "libc++";
				CLANG_ENABLE_MODULES = YES;
				CLANG_ENABLE_OBJC_ARC = YES;
				CLANG_ENABLE_OBJC_WEAK = YES;
				CLANG_WARN_BLOCK_CAPTURE_AUTORELEASING = YES;
				CLANG_WARN_BOOL_CONVERSION = YES;
				CLANG_WARN_COMMA = YES;
				CLANG_WARN_CONSTANT_CONVERSION = YES;
				CLANG_WARN_DEPRECATED_OBJC_IMPLEMENTATIONS = YES;
				CLANG_WARN_DIRECT_OBJC_ISA_USAGE = YES_ERROR;
				CLANG_WARN_DOCUMENTATION_COMMENTS = YES;
				CLANG_WARN_EMPTY_BODY = YES;
				CLANG_WARN_ENUM_CONVERSION = YES;
				CLANG_WARN_INFINITE_RECURSION = YES;
				CLANG_WARN_INT_CONVERSION = YES;
				CLANG_WARN_NON_LITERAL_NULL_CONVERSION = YES;
				CLANG_WARN_OBJC_IMPLICIT_RETAIN_SELF = YES;
				CLANG_WARN_OBJC_LITERAL_CONVERSION = YES;
				CLANG_WARN_OBJC_ROOT_CLASS = YES_ERROR;
				CLANG_WARN_RANGE_LOOP_ANALYSIS = YES;
				CLANG_WARN_STRICT_PROTOTYPES = YES;
				CLANG_WARN_SUSPICIOUS_MOVE = YES;
				CLANG_WARN_UNGUARDED_AVAILABILITY = YES_AGGRESSIVE;
				CLANG_WARN_UNREACHABLE_CODE = YES;
				CLANG_WARN__DUPLICATE_METHOD_MATCH = YES;
				CODE_SIGN_IDENTITY = "iPhone Developer";
				COPY_PHASE_STRIP = NO;
				DEBUG_INFORMATION_FORMAT = "dwarf-with-dsym";
				ENABLE_NS_ASSERTIONS = NO;
				ENABLE_STRICT_OBJC_MSGSEND = YES;
				GCC_C_LANGUAGE_STANDARD = gnu11;
				GCC_NO_COMMON_BLOCKS = YES;
				GCC_WARN_64_TO_32_BIT_CONVERSION = YES;
				GCC_WARN_ABOUT_RETURN_TYPE = YES_ERROR;
				GCC_WARN_UNDECLARED_SELECTOR = YES;
				GCC_WARN_UNINITIALIZED_AUTOS = YES_AGGRESSIVE;
				GCC_WARN_UNUSED_FUNCTION = YES;
				GCC_WARN_UNUSED_VARIABLE = YES;
				IPHONEOS_DEPLOYMENT_TARGET = 11.4;
				MTL_ENABLE_DEBUG_INFO = NO;
				SDKROOT = iphoneos;
				VALIDATE_PRODUCT = YES;
			};
			name = Release;
		};
		04B805322138CEBE003465E0 /* Debug */ = {
			isa = XCBuildConfiguration;
			buildSettings = {
				ASSETCATALOG_COMPILER_APPICON_NAME = AppIcon;
				CODE_SIGN_ENTITLEMENTS = 3132helper/3132helper.entitlements;
				CODE_SIGN_STYLE = Automatic;
				DEVELOPMENT_TEAM = 2C8H953CJ5;
				ENABLE_BITCODE = NO;
				GCC_NO_COMMON_BLOCKS = YES;
				GCC_PREFIX_HEADER = "$(SRCROOT)/3132helper/PrefixHeader.pch";
				HEADER_SEARCH_PATHS = (
					"$(inherited)",
					"\"${PODS_ROOT}/Headers/Public\"",
				);
				INFOPLIST_FILE = 3132helper/Info.plist;
				IPHONEOS_DEPLOYMENT_TARGET = 8.0;
				LD_RUNPATH_SEARCH_PATHS = (
					"$(inherited)",
					"@executable_path/Frameworks",
				);
				LIBRARY_SEARCH_PATHS = (
					"$(inherited)",
					"$(PROJECT_DIR)/3132helper/SDK",
					"\"$(SRCROOT)/3132helper/Lib\"",
					"$(PROJECT_DIR)/3132helper/Lib",
				);
				OTHER_LDFLAGS = (
					"-ObjC",
					"-lc++",
				);
				PODS_ROOT = "";
				PRODUCT_BUNDLE_IDENTIFIER = com.jie0.danao;
				PRODUCT_NAME = "$(TARGET_NAME)";
				TARGETED_DEVICE_FAMILY = "1,2";
				USER_HEADER_SEARCH_PATHS = "\"$(SRCROOT)/3132helper/Lib\"";
			};
			name = Debug;
		};
		04B805332138CEBE003465E0 /* Release */ = {
			isa = XCBuildConfiguration;
			buildSettings = {
				ASSETCATALOG_COMPILER_APPICON_NAME = AppIcon;
				CODE_SIGN_ENTITLEMENTS = 3132helper/3132helper.entitlements;
				CODE_SIGN_STYLE = Automatic;
				DEVELOPMENT_TEAM = 2C8H953CJ5;
				ENABLE_BITCODE = NO;
				GCC_NO_COMMON_BLOCKS = YES;
				GCC_PREFIX_HEADER = "$(SRCROOT)/3132helper/PrefixHeader.pch";
				HEADER_SEARCH_PATHS = (
					"$(inherited)",
					"\"${PODS_ROOT}/Headers/Public\"",
				);
				INFOPLIST_FILE = 3132helper/Info.plist;
				IPHONEOS_DEPLOYMENT_TARGET = 8.0;
				LD_RUNPATH_SEARCH_PATHS = (
					"$(inherited)",
					"@executable_path/Frameworks",
				);
				LIBRARY_SEARCH_PATHS = (
					"$(inherited)",
					"$(PROJECT_DIR)/3132helper/SDK",
					"\"$(SRCROOT)/3132helper/Lib\"",
					"$(PROJECT_DIR)/3132helper/Lib",
				);
				OTHER_LDFLAGS = (
					"-ObjC",
					"-lc++",
				);
				PODS_ROOT = "";
				PRODUCT_BUNDLE_IDENTIFIER = com.jie0.danao;
				PRODUCT_NAME = "$(TARGET_NAME)";
				TARGETED_DEVICE_FAMILY = "1,2";
				USER_HEADER_SEARCH_PATHS = "\"$(SRCROOT)/3132helper/Lib\"";
			};
			name = Release;
		};
		04B805352138CEBE003465E0 /* Debug */ = {
			isa = XCBuildConfiguration;
			buildSettings = {
				BUNDLE_LOADER = "$(TEST_HOST)";
				CODE_SIGN_STYLE = Automatic;
				INFOPLIST_FILE = 3132helperTests/Info.plist;
				LD_RUNPATH_SEARCH_PATHS = (
					"$(inherited)",
					"@executable_path/Frameworks",
					"@loader_path/Frameworks",
				);
				PRODUCT_BUNDLE_IDENTIFIER = "DAA.-132helperTests";
				PRODUCT_NAME = "$(TARGET_NAME)";
				TARGETED_DEVICE_FAMILY = "1,2";
				TEST_HOST = "$(BUILT_PRODUCTS_DIR)/3132helper.app/3132helper";
			};
			name = Debug;
		};
		04B805362138CEBE003465E0 /* Release */ = {
			isa = XCBuildConfiguration;
			buildSettings = {
				BUNDLE_LOADER = "$(TEST_HOST)";
				CODE_SIGN_STYLE = Automatic;
				INFOPLIST_FILE = 3132helperTests/Info.plist;
				LD_RUNPATH_SEARCH_PATHS = (
					"$(inherited)",
					"@executable_path/Frameworks",
					"@loader_path/Frameworks",
				);
				PRODUCT_BUNDLE_IDENTIFIER = "DAA.-132helperTests";
				PRODUCT_NAME = "$(TARGET_NAME)";
				TARGETED_DEVICE_FAMILY = "1,2";
				TEST_HOST = "$(BUILT_PRODUCTS_DIR)/3132helper.app/3132helper";
			};
			name = Release;
		};
		04B805382138CEBE003465E0 /* Debug */ = {
			isa = XCBuildConfiguration;
			buildSettings = {
				CODE_SIGN_STYLE = Automatic;
				INFOPLIST_FILE = 3132helperUITests/Info.plist;
				LD_RUNPATH_SEARCH_PATHS = (
					"$(inherited)",
					"@executable_path/Frameworks",
					"@loader_path/Frameworks",
				);
				PRODUCT_BUNDLE_IDENTIFIER = "DAA.-132helperUITests";
				PRODUCT_NAME = "$(TARGET_NAME)";
				TARGETED_DEVICE_FAMILY = "1,2";
				TEST_TARGET_NAME = 3132helper;
			};
			name = Debug;
		};
		04B805392138CEBE003465E0 /* Release */ = {
			isa = XCBuildConfiguration;
			buildSettings = {
				CODE_SIGN_STYLE = Automatic;
				INFOPLIST_FILE = 3132helperUITests/Info.plist;
				LD_RUNPATH_SEARCH_PATHS = (
					"$(inherited)",
					"@executable_path/Frameworks",
					"@loader_path/Frameworks",
				);
				PRODUCT_BUNDLE_IDENTIFIER = "DAA.-132helperUITests";
				PRODUCT_NAME = "$(TARGET_NAME)";
				TARGETED_DEVICE_FAMILY = "1,2";
				TEST_TARGET_NAME = 3132helper;
			};
			name = Release;
		};
/* End XCBuildConfiguration section */

/* Begin XCConfigurationList section */
		04B805002138CEBC003465E0 /* Build configuration list for PBXProject "3132helper" */ = {
			isa = XCConfigurationList;
			buildConfigurations = (
				04B8052F2138CEBE003465E0 /* Debug */,
				04B805302138CEBE003465E0 /* Release */,
			);
			defaultConfigurationIsVisible = 0;
			defaultConfigurationName = Release;
		};
		04B805312138CEBE003465E0 /* Build configuration list for PBXNativeTarget "3132helper" */ = {
			isa = XCConfigurationList;
			buildConfigurations = (
				04B805322138CEBE003465E0 /* Debug */,
				04B805332138CEBE003465E0 /* Release */,
			);
			defaultConfigurationIsVisible = 0;
			defaultConfigurationName = Release;
		};
		04B805342138CEBE003465E0 /* Build configuration list for PBXNativeTarget "3132helperTests" */ = {
			isa = XCConfigurationList;
			buildConfigurations = (
				04B805352138CEBE003465E0 /* Debug */,
				04B805362138CEBE003465E0 /* Release */,
			);
			defaultConfigurationIsVisible = 0;
			defaultConfigurationName = Release;
		};
		04B805372138CEBE003465E0 /* Build configuration list for PBXNativeTarget "3132helperUITests" */ = {
			isa = XCConfigurationList;
			buildConfigurations = (
				04B805382138CEBE003465E0 /* Debug */,
				04B805392138CEBE003465E0 /* Release */,
			);
			defaultConfigurationIsVisible = 0;
			defaultConfigurationName = Release;
		};
/* End XCConfigurationList section */
	};
	rootObject = 04B804FD2138CEBC003465E0 /* Project object */;
}
